// !$*UTF8*$!
{
	archiveVersion = 1;
	classes = {
	};
	objectVersion = 48;
	objects = {

/* Begin PBXBuildFile section */
		3901CBBE1FAB0D3B006ED7C0 /* AFHTTPSessionManager.m in Sources */ = {isa = PBXBuildFile; fileRef = 3901CB9D1FAB0D3B006ED7C0 /* AFHTTPSessionManager.m */; };
		3901CBBF1FAB0D3B006ED7C0 /* AFNetworkReachabilityManager.m in Sources */ = {isa = PBXBuildFile; fileRef = 3901CBA01FAB0D3B006ED7C0 /* AFNetworkReachabilityManager.m */; };
		3901CBC01FAB0D3B006ED7C0 /* AFSecurityPolicy.m in Sources */ = {isa = PBXBuildFile; fileRef = 3901CBA21FAB0D3B006ED7C0 /* AFSecurityPolicy.m */; };
		3901CBC11FAB0D3B006ED7C0 /* AFURLRequestSerialization.m in Sources */ = {isa = PBXBuildFile; fileRef = 3901CBA41FAB0D3B006ED7C0 /* AFURLRequestSerialization.m */; };
		3901CBC21FAB0D3B006ED7C0 /* AFURLResponseSerialization.m in Sources */ = {isa = PBXBuildFile; fileRef = 3901CBA61FAB0D3B006ED7C0 /* AFURLResponseSerialization.m */; };
		3901CBC31FAB0D3B006ED7C0 /* AFURLSessionManager.m in Sources */ = {isa = PBXBuildFile; fileRef = 3901CBA81FAB0D3B006ED7C0 /* AFURLSessionManager.m */; };
		3901CBC41FAB0D3B006ED7C0 /* AFAutoPurgingImageCache.m in Sources */ = {isa = PBXBuildFile; fileRef = 3901CBAB1FAB0D3B006ED7C0 /* AFAutoPurgingImageCache.m */; };
		3901CBC51FAB0D3B006ED7C0 /* AFImageDownloader.m in Sources */ = {isa = PBXBuildFile; fileRef = 3901CBAD1FAB0D3B006ED7C0 /* AFImageDownloader.m */; };
		3901CBC61FAB0D3B006ED7C0 /* AFNetworkActivityIndicatorManager.m in Sources */ = {isa = PBXBuildFile; fileRef = 3901CBAF1FAB0D3B006ED7C0 /* AFNetworkActivityIndicatorManager.m */; };
		3901CBC71FAB0D3B006ED7C0 /* UIActivityIndicatorView+AFNetworking.m in Sources */ = {isa = PBXBuildFile; fileRef = 3901CBB11FAB0D3B006ED7C0 /* UIActivityIndicatorView+AFNetworking.m */; };
		3901CBC81FAB0D3B006ED7C0 /* UIButton+AFNetworking.m in Sources */ = {isa = PBXBuildFile; fileRef = 3901CBB31FAB0D3B006ED7C0 /* UIButton+AFNetworking.m */; };
		3901CBC91FAB0D3B006ED7C0 /* UIImageView+AFNetworking.m in Sources */ = {isa = PBXBuildFile; fileRef = 3901CBB61FAB0D3B006ED7C0 /* UIImageView+AFNetworking.m */; };
		3901CBCA1FAB0D3B006ED7C0 /* UIProgressView+AFNetworking.m in Sources */ = {isa = PBXBuildFile; fileRef = 3901CBB91FAB0D3B006ED7C0 /* UIProgressView+AFNetworking.m */; };
		3901CBCB1FAB0D3B006ED7C0 /* UIRefreshControl+AFNetworking.m in Sources */ = {isa = PBXBuildFile; fileRef = 3901CBBB1FAB0D3B006ED7C0 /* UIRefreshControl+AFNetworking.m */; };
		3901CBCC1FAB0D3B006ED7C0 /* UIWebView+AFNetworking.m in Sources */ = {isa = PBXBuildFile; fileRef = 3901CBBD1FAB0D3B006ED7C0 /* UIWebView+AFNetworking.m */; };
		392BE41D1FA70C1900EBEEA8 /* AppDelegate.m in Sources */ = {isa = PBXBuildFile; fileRef = 392BE41C1FA70C1900EBEEA8 /* AppDelegate.m */; };
		392BE4231FA70C1900EBEEA8 /* Main.storyboard in Resources */ = {isa = PBXBuildFile; fileRef = 392BE4211FA70C1900EBEEA8 /* Main.storyboard */; };
		392BE4251FA70C1900EBEEA8 /* Assets.xcassets in Resources */ = {isa = PBXBuildFile; fileRef = 392BE4241FA70C1900EBEEA8 /* Assets.xcassets */; };
		392BE4281FA70C1900EBEEA8 /* LaunchScreen.storyboard in Resources */ = {isa = PBXBuildFile; fileRef = 392BE4261FA70C1900EBEEA8 /* LaunchScreen.storyboard */; };
		392BE42B1FA70C1900EBEEA8 /* main.m in Sources */ = {isa = PBXBuildFile; fileRef = 392BE42A1FA70C1900EBEEA8 /* main.m */; };
		392BE4351FA70C1900EBEEA8 /* XMPlayerTests.m in Sources */ = {isa = PBXBuildFile; fileRef = 392BE4341FA70C1900EBEEA8 /* XMPlayerTests.m */; };
		392BE4401FA70C1900EBEEA8 /* XMPlayerUITests.m in Sources */ = {isa = PBXBuildFile; fileRef = 392BE43F1FA70C1900EBEEA8 /* XMPlayerUITests.m */; };
		396433001FB02EDC00C8CC2A /* XMProgress.m in Sources */ = {isa = PBXBuildFile; fileRef = 396432FF1FB02EDC00C8CC2A /* XMProgress.m */; };
		396433031FB02EF700C8CC2A /* XMWaves.m in Sources */ = {isa = PBXBuildFile; fileRef = 396433021FB02EF700C8CC2A /* XMWaves.m */; };
		3964D1DD1FB17F2000E86AFE /* Info.plist in Resources */ = {isa = PBXBuildFile; fileRef = 3964D1C71FB17F1F00E86AFE /* Info.plist */; };
		3964D1DE1FB17F2000E86AFE /* MJExtensionConst.m in Sources */ = {isa = PBXBuildFile; fileRef = 3964D1CA1FB17F1F00E86AFE /* MJExtensionConst.m */; };
		3964D1DF1FB17F2000E86AFE /* MJFoundation.m in Sources */ = {isa = PBXBuildFile; fileRef = 3964D1CC1FB17F1F00E86AFE /* MJFoundation.m */; };
		3964D1E01FB17F2000E86AFE /* MJProperty.m in Sources */ = {isa = PBXBuildFile; fileRef = 3964D1CE1FB17F1F00E86AFE /* MJProperty.m */; };
		3964D1E11FB17F2000E86AFE /* MJPropertyKey.m in Sources */ = {isa = PBXBuildFile; fileRef = 3964D1D01FB17F1F00E86AFE /* MJPropertyKey.m */; };
		3964D1E21FB17F2000E86AFE /* MJPropertyType.m in Sources */ = {isa = PBXBuildFile; fileRef = 3964D1D21FB17F1F00E86AFE /* MJPropertyType.m */; };
		3964D1E31FB17F2000E86AFE /* NSObject+MJClass.m in Sources */ = {isa = PBXBuildFile; fileRef = 3964D1D41FB17F1F00E86AFE /* NSObject+MJClass.m */; };
		3964D1E41FB17F2000E86AFE /* NSObject+MJCoding.m in Sources */ = {isa = PBXBuildFile; fileRef = 3964D1D61FB17F1F00E86AFE /* NSObject+MJCoding.m */; };
		3964D1E51FB17F2000E86AFE /* NSObject+MJKeyValue.m in Sources */ = {isa = PBXBuildFile; fileRef = 3964D1D81FB17F1F00E86AFE /* NSObject+MJKeyValue.m */; };
		3964D1E61FB17F2000E86AFE /* NSObject+MJProperty.m in Sources */ = {isa = PBXBuildFile; fileRef = 3964D1DA1FB17F1F00E86AFE /* NSObject+MJProperty.m */; };
		3964D1E71FB17F2000E86AFE /* NSString+MJExtension.m in Sources */ = {isa = PBXBuildFile; fileRef = 3964D1DC1FB17F1F00E86AFE /* NSString+MJExtension.m */; };
		396EABCD1FA8563C001A39E6 /* ViewController.m in Sources */ = {isa = PBXBuildFile; fileRef = 392BE41F1FA70C1900EBEEA8 /* ViewController.m */; };
		396EABD01FA85679001A39E6 /* XMPlayerTableViewCell.m in Sources */ = {isa = PBXBuildFile; fileRef = 396EABCF1FA85679001A39E6 /* XMPlayerTableViewCell.m */; };
		396EABD31FA8572A001A39E6 /* XMPlayerModel.m in Sources */ = {isa = PBXBuildFile; fileRef = 396EABD21FA8572A001A39E6 /* XMPlayerModel.m */; };
		396EAC051FA8678C001A39E6 /* XMPlayerManager.m in Sources */ = {isa = PBXBuildFile; fileRef = 396EAC011FA8678C001A39E6 /* XMPlayerManager.m */; };
		396EAC081FA867B1001A39E6 /* UIView+Extension.m in Sources */ = {isa = PBXBuildFile; fileRef = 396EAC071FA867B1001A39E6 /* UIView+Extension.m */; };
		396EAC0B1FA867D1001A39E6 /* XMRefreshView.m in Sources */ = {isa = PBXBuildFile; fileRef = 396EAC0A1FA867D1001A39E6 /* XMRefreshView.m */; };
		396EAC111FA86EF9001A39E6 /* play.png in Resources */ = {isa = PBXBuildFile; fileRef = 396EAC101FA86EF8001A39E6 /* play.png */; };
/* End PBXBuildFile section */

/* Begin PBXContainerItemProxy section */
		392BE4311FA70C1900EBEEA8 /* PBXContainerItemProxy */ = {
			isa = PBXContainerItemProxy;
			containerPortal = 392BE4101FA70C1900EBEEA8 /* Project object */;
			proxyType = 1;
			remoteGlobalIDString = 392BE4171FA70C1900EBEEA8;
			remoteInfo = XMPlayer;
		};
		392BE43C1FA70C1900EBEEA8 /* PBXContainerItemProxy */ = {
			isa = PBXContainerItemProxy;
			containerPortal = 392BE4101FA70C1900EBEEA8 /* Project object */;
			proxyType = 1;
			remoteGlobalIDString = 392BE4171FA70C1900EBEEA8;
			remoteInfo = XMPlayer;
		};
/* End PBXContainerItemProxy section */

/* Begin PBXFileReference section */
		3901CB9C1FAB0D3B006ED7C0 /* AFHTTPSessionManager.h */ = {isa = PBXFileReference; fileEncoding = 4; lastKnownFileType = sourcecode.c.h; path = AFHTTPSessionManager.h; sourceTree = "<group>"; };
		3901CB9D1FAB0D3B006ED7C0 /* AFHTTPSessionManager.m */ = {isa = PBXFileReference; fileEncoding = 4; lastKnownFileType = sourcecode.c.objc; path = AFHTTPSessionManager.m; sourceTree = "<group>"; };
		3901CB9E1FAB0D3B006ED7C0 /* AFNetworking.h */ = {isa = PBXFileReference; fileEncoding = 4; lastKnownFileType = sourcecode.c.h; path = AFNetworking.h; sourceTree = "<group>"; };
		3901CB9F1FAB0D3B006ED7C0 /* AFNetworkReachabilityManager.h */ = {isa = PBXFileReference; fileEncoding = 4; lastKnownFileType = sourcecode.c.h; path = AFNetworkReachabilityManager.h; sourceTree = "<group>"; };
		3901CBA01FAB0D3B006ED7C0 /* AFNetworkReachabilityManager.m */ = {isa = PBXFileReference; fileEncoding = 4; lastKnownFileType = sourcecode.c.objc; path = AFNetworkReachabilityManager.m; sourceTree = "<group>"; };
		3901CBA11FAB0D3B006ED7C0 /* AFSecurityPolicy.h */ = {isa = PBXFileReference; fileEncoding = 4; lastKnownFileType = sourcecode.c.h; path = AFSecurityPolicy.h; sourceTree = "<group>"; };
		3901CBA21FAB0D3B006ED7C0 /* AFSecurityPolicy.m */ = {isa = PBXFileReference; fileEncoding = 4; lastKnownFileType = sourcecode.c.objc; path = AFSecurityPolicy.m; sourceTree = "<group>"; };
		3901CBA31FAB0D3B006ED7C0 /* AFURLRequestSerialization.h */ = {isa = PBXFileReference; fileEncoding = 4; lastKnownFileType = sourcecode.c.h; path = AFURLRequestSerialization.h; sourceTree = "<group>"; };
		3901CBA41FAB0D3B006ED7C0 /* AFURLRequestSerialization.m */ = {isa = PBXFileReference; fileEncoding = 4; lastKnownFileType = sourcecode.c.objc; path = AFURLRequestSerialization.m; sourceTree = "<group>"; };
		3901CBA51FAB0D3B006ED7C0 /* AFURLResponseSerialization.h */ = {isa = PBXFileReference; fileEncoding = 4; lastKnownFileType = sourcecode.c.h; path = AFURLResponseSerialization.h; sourceTree = "<group>"; };
		3901CBA61FAB0D3B006ED7C0 /* AFURLResponseSerialization.m */ = {isa = PBXFileReference; fileEncoding = 4; lastKnownFileType = sourcecode.c.objc; path = AFURLResponseSerialization.m; sourceTree = "<group>"; };
		3901CBA71FAB0D3B006ED7C0 /* AFURLSessionManager.h */ = {isa = PBXFileReference; fileEncoding = 4; lastKnownFileType = sourcecode.c.h; path = AFURLSessionManager.h; sourceTree = "<group>"; };
		3901CBA81FAB0D3B006ED7C0 /* AFURLSessionManager.m */ = {isa = PBXFileReference; fileEncoding = 4; lastKnownFileType = sourcecode.c.objc; path = AFURLSessionManager.m; sourceTree = "<group>"; };
		3901CBAA1FAB0D3B006ED7C0 /* AFAutoPurgingImageCache.h */ = {isa = PBXFileReference; fileEncoding = 4; lastKnownFileType = sourcecode.c.h; path = AFAutoPurgingImageCache.h; sourceTree = "<group>"; };
		3901CBAB1FAB0D3B006ED7C0 /* AFAutoPurgingImageCache.m */ = {isa = PBXFileReference; fileEncoding = 4; lastKnownFileType = sourcecode.c.objc; path = AFAutoPurgingImageCache.m; sourceTree = "<group>"; };
		3901CBAC1FAB0D3B006ED7C0 /* AFImageDownloader.h */ = {isa = PBXFileReference; fileEncoding = 4; lastKnownFileType = sourcecode.c.h; path = AFImageDownloader.h; sourceTree = "<group>"; };
		3901CBAD1FAB0D3B006ED7C0 /* AFImageDownloader.m */ = {isa = PBXFileReference; fileEncoding = 4; lastKnownFileType = sourcecode.c.objc; path = AFImageDownloader.m; sourceTree = "<group>"; };
		3901CBAE1FAB0D3B006ED7C0 /* AFNetworkActivityIndicatorManager.h */ = {isa = PBXFileReference; fileEncoding = 4; lastKnownFileType = sourcecode.c.h; path = AFNetworkActivityIndicatorManager.h; sourceTree = "<group>"; };
		3901CBAF1FAB0D3B006ED7C0 /* AFNetworkActivityIndicatorManager.m */ = {isa = PBXFileReference; fileEncoding = 4; lastKnownFileType = sourcecode.c.objc; path = AFNetworkActivityIndicatorManager.m; sourceTree = "<group>"; };
		3901CBB01FAB0D3B006ED7C0 /* UIActivityIndicatorView+AFNetworking.h */ = {isa = PBXFileReference; fileEncoding = 4; lastKnownFileType = sourcecode.c.h; path = "UIActivityIndicatorView+AFNetworking.h"; sourceTree = "<group>"; };
		3901CBB11FAB0D3B006ED7C0 /* UIActivityIndicatorView+AFNetworking.m */ = {isa = PBXFileReference; fileEncoding = 4; lastKnownFileType = sourcecode.c.objc; path = "UIActivityIndicatorView+AFNetworking.m"; sourceTree = "<group>"; };
		3901CBB21FAB0D3B006ED7C0 /* UIButton+AFNetworking.h */ = {isa = PBXFileReference; fileEncoding = 4; lastKnownFileType = sourcecode.c.h; path = "UIButton+AFNetworking.h"; sourceTree = "<group>"; };
		3901CBB31FAB0D3B006ED7C0 /* UIButton+AFNetworking.m */ = {isa = PBXFileReference; fileEncoding = 4; lastKnownFileType = sourcecode.c.objc; path = "UIButton+AFNetworking.m"; sourceTree = "<group>"; };
		3901CBB41FAB0D3B006ED7C0 /* UIImage+AFNetworking.h */ = {isa = PBXFileReference; fileEncoding = 4; lastKnownFileType = sourcecode.c.h; path = "UIImage+AFNetworking.h"; sourceTree = "<group>"; };
		3901CBB51FAB0D3B006ED7C0 /* UIImageView+AFNetworking.h */ = {isa = PBXFileReference; fileEncoding = 4; lastKnownFileType = sourcecode.c.h; path = "UIImageView+AFNetworking.h"; sourceTree = "<group>"; };
		3901CBB61FAB0D3B006ED7C0 /* UIImageView+AFNetworking.m */ = {isa = PBXFileReference; fileEncoding = 4; lastKnownFileType = sourcecode.c.objc; path = "UIImageView+AFNetworking.m"; sourceTree = "<group>"; };
		3901CBB71FAB0D3B006ED7C0 /* UIKit+AFNetworking.h */ = {isa = PBXFileReference; fileEncoding = 4; lastKnownFileType = sourcecode.c.h; path = "UIKit+AFNetworking.h"; sourceTree = "<group>"; };
		3901CBB81FAB0D3B006ED7C0 /* UIProgressView+AFNetworking.h */ = {isa = PBXFileReference; fileEncoding = 4; lastKnownFileType = sourcecode.c.h; path = "UIProgressView+AFNetworking.h"; sourceTree = "<group>"; };
		3901CBB91FAB0D3B006ED7C0 /* UIProgressView+AFNetworking.m */ = {isa = PBXFileReference; fileEncoding = 4; lastKnownFileType = sourcecode.c.objc; path = "UIProgressView+AFNetworking.m"; sourceTree = "<group>"; };
		3901CBBA1FAB0D3B006ED7C0 /* UIRefreshControl+AFNetworking.h */ = {isa = PBXFileReference; fileEncoding = 4; lastKnownFileType = sourcecode.c.h; path = "UIRefreshControl+AFNetworking.h"; sourceTree = "<group>"; };
		3901CBBB1FAB0D3B006ED7C0 /* UIRefreshControl+AFNetworking.m */ = {isa = PBXFileReference; fileEncoding = 4; lastKnownFileType = sourcecode.c.objc; path = "UIRefreshControl+AFNetworking.m"; sourceTree = "<group>"; };
		3901CBBC1FAB0D3B006ED7C0 /* UIWebView+AFNetworking.h */ = {isa = PBXFileReference; fileEncoding = 4; lastKnownFileType = sourcecode.c.h; path = "UIWebView+AFNetworking.h"; sourceTree = "<group>"; };
		3901CBBD1FAB0D3B006ED7C0 /* UIWebView+AFNetworking.m */ = {isa = PBXFileReference; fileEncoding = 4; lastKnownFileType = sourcecode.c.objc; path = "UIWebView+AFNetworking.m"; sourceTree = "<group>"; };
		392BE4181FA70C1900EBEEA8 /* XMPlayer.app */ = {isa = PBXFileReference; explicitFileType = wrapper.application; includeInIndex = 0; path = XMPlayer.app; sourceTree = BUILT_PRODUCTS_DIR; };
		392BE41B1FA70C1900EBEEA8 /* AppDelegate.h */ = {isa = PBXFileReference; lastKnownFileType = sourcecode.c.h; path = AppDelegate.h; sourceTree = "<group>"; };
		392BE41C1FA70C1900EBEEA8 /* AppDelegate.m */ = {isa = PBXFileReference; lastKnownFileType = sourcecode.c.objc; path = AppDelegate.m; sourceTree = "<group>"; };
		392BE41E1FA70C1900EBEEA8 /* ViewController.h */ = {isa = PBXFileReference; lastKnownFileType = sourcecode.c.h; path = ViewController.h; sourceTree = "<group>"; };
		392BE41F1FA70C1900EBEEA8 /* ViewController.m */ = {isa = PBXFileReference; lastKnownFileType = sourcecode.c.objc; path = ViewController.m; sourceTree = "<group>"; };
		392BE4221FA70C1900EBEEA8 /* Base */ = {isa = PBXFileReference; lastKnownFileType = file.storyboard; name = Base; path = Base.lproj/Main.storyboard; sourceTree = "<group>"; };
		392BE4241FA70C1900EBEEA8 /* Assets.xcassets */ = {isa = PBXFileReference; lastKnownFileType = folder.assetcatalog; path = Assets.xcassets; sourceTree = "<group>"; };
		392BE4271FA70C1900EBEEA8 /* Base */ = {isa = PBXFileReference; lastKnownFileType = file.storyboard; name = Base; path = Base.lproj/LaunchScreen.storyboard; sourceTree = "<group>"; };
		392BE4291FA70C1900EBEEA8 /* Info.plist */ = {isa = PBXFileReference; lastKnownFileType = text.plist.xml; path = Info.plist; sourceTree = "<group>"; };
		392BE42A1FA70C1900EBEEA8 /* main.m */ = {isa = PBXFileReference; lastKnownFileType = sourcecode.c.objc; path = main.m; sourceTree = "<group>"; };
		392BE4301FA70C1900EBEEA8 /* XMPlayerTests.xctest */ = {isa = PBXFileReference; explicitFileType = wrapper.cfbundle; includeInIndex = 0; path = XMPlayerTests.xctest; sourceTree = BUILT_PRODUCTS_DIR; };
		392BE4341FA70C1900EBEEA8 /* XMPlayerTests.m */ = {isa = PBXFileReference; lastKnownFileType = sourcecode.c.objc; path = XMPlayerTests.m; sourceTree = "<group>"; };
		392BE4361FA70C1900EBEEA8 /* Info.plist */ = {isa = PBXFileReference; lastKnownFileType = text.plist.xml; path = Info.plist; sourceTree = "<group>"; };
		392BE43B1FA70C1900EBEEA8 /* XMPlayerUITests.xctest */ = {isa = PBXFileReference; explicitFileType = wrapper.cfbundle; includeInIndex = 0; path = XMPlayerUITests.xctest; sourceTree = BUILT_PRODUCTS_DIR; };
		392BE43F1FA70C1900EBEEA8 /* XMPlayerUITests.m */ = {isa = PBXFileReference; lastKnownFileType = sourcecode.c.objc; path = XMPlayerUITests.m; sourceTree = "<group>"; };
		392BE4411FA70C1900EBEEA8 /* Info.plist */ = {isa = PBXFileReference; lastKnownFileType = text.plist.xml; path = Info.plist; sourceTree = "<group>"; };
		396432FE1FB02EDC00C8CC2A /* XMProgress.h */ = {isa = PBXFileReference; lastKnownFileType = sourcecode.c.h; path = XMProgress.h; sourceTree = "<group>"; };
		396432FF1FB02EDC00C8CC2A /* XMProgress.m */ = {isa = PBXFileReference; lastKnownFileType = sourcecode.c.objc; path = XMProgress.m; sourceTree = "<group>"; };
		396433011FB02EF700C8CC2A /* XMWaves.h */ = {isa = PBXFileReference; lastKnownFileType = sourcecode.c.h; path = XMWaves.h; sourceTree = "<group>"; };
		396433021FB02EF700C8CC2A /* XMWaves.m */ = {isa = PBXFileReference; lastKnownFileType = sourcecode.c.objc; path = XMWaves.m; sourceTree = "<group>"; };
		3964D1C31FB17DE400E86AFE /* XMPlayer.h */ = {isa = PBXFileReference; lastKnownFileType = sourcecode.c.h; path = XMPlayer.h; sourceTree = "<group>"; };
		3964D1C71FB17F1F00E86AFE /* Info.plist */ = {isa = PBXFileReference; fileEncoding = 4; lastKnownFileType = text.plist.xml; path = Info.plist; sourceTree = "<group>"; };
		3964D1C81FB17F1F00E86AFE /* MJExtension.h */ = {isa = PBXFileReference; fileEncoding = 4; lastKnownFileType = sourcecode.c.h; path = MJExtension.h; sourceTree = "<group>"; };
		3964D1C91FB17F1F00E86AFE /* MJExtensionConst.h */ = {isa = PBXFileReference; fileEncoding = 4; lastKnownFileType = sourcecode.c.h; path = MJExtensionConst.h; sourceTree = "<group>"; };
		3964D1CA1FB17F1F00E86AFE /* MJExtensionConst.m */ = {isa = PBXFileReference; fileEncoding = 4; lastKnownFileType = sourcecode.c.objc; path = MJExtensionConst.m; sourceTree = "<group>"; };
		3964D1CB1FB17F1F00E86AFE /* MJFoundation.h */ = {isa = PBXFileReference; fileEncoding = 4; lastKnownFileType = sourcecode.c.h; path = MJFoundation.h; sourceTree = "<group>"; };
		3964D1CC1FB17F1F00E86AFE /* MJFoundation.m */ = {isa = PBXFileReference; fileEncoding = 4; lastKnownFileType = sourcecode.c.objc; path = MJFoundation.m; sourceTree = "<group>"; };
		3964D1CD1FB17F1F00E86AFE /* MJProperty.h */ = {isa = PBXFileReference; fileEncoding = 4; lastKnownFileType = sourcecode.c.h; path = MJProperty.h; sourceTree = "<group>"; };
		3964D1CE1FB17F1F00E86AFE /* MJProperty.m */ = {isa = PBXFileReference; fileEncoding = 4; lastKnownFileType = sourcecode.c.objc; path = MJProperty.m; sourceTree = "<group>"; };
		3964D1CF1FB17F1F00E86AFE /* MJPropertyKey.h */ = {isa = PBXFileReference; fileEncoding = 4; lastKnownFileType = sourcecode.c.h; path = MJPropertyKey.h; sourceTree = "<group>"; };
		3964D1D01FB17F1F00E86AFE /* MJPropertyKey.m */ = {isa = PBXFileReference; fileEncoding = 4; lastKnownFileType = sourcecode.c.objc; path = MJPropertyKey.m; sourceTree = "<group>"; };
		3964D1D11FB17F1F00E86AFE /* MJPropertyType.h */ = {isa = PBXFileReference; fileEncoding = 4; lastKnownFileType = sourcecode.c.h; path = MJPropertyType.h; sourceTree = "<group>"; };
		3964D1D21FB17F1F00E86AFE /* MJPropertyType.m */ = {isa = PBXFileReference; fileEncoding = 4; lastKnownFileType = sourcecode.c.objc; path = MJPropertyType.m; sourceTree = "<group>"; };
		3964D1D31FB17F1F00E86AFE /* NSObject+MJClass.h */ = {isa = PBXFileReference; fileEncoding = 4; lastKnownFileType = sourcecode.c.h; path = "NSObject+MJClass.h"; sourceTree = "<group>"; };
		3964D1D41FB17F1F00E86AFE /* NSObject+MJClass.m */ = {isa = PBXFileReference; fileEncoding = 4; lastKnownFileType = sourcecode.c.objc; path = "NSObject+MJClass.m"; sourceTree = "<group>"; };
		3964D1D51FB17F1F00E86AFE /* NSObject+MJCoding.h */ = {isa = PBXFileReference; fileEncoding = 4; lastKnownFileType = sourcecode.c.h; path = "NSObject+MJCoding.h"; sourceTree = "<group>"; };
		3964D1D61FB17F1F00E86AFE /* NSObject+MJCoding.m */ = {isa = PBXFileReference; fileEncoding = 4; lastKnownFileType = sourcecode.c.objc; path = "NSObject+MJCoding.m"; sourceTree = "<group>"; };
		3964D1D71FB17F1F00E86AFE /* NSObject+MJKeyValue.h */ = {isa = PBXFileReference; fileEncoding = 4; lastKnownFileType = sourcecode.c.h; path = "NSObject+MJKeyValue.h"; sourceTree = "<group>"; };
		3964D1D81FB17F1F00E86AFE /* NSObject+MJKeyValue.m */ = {isa = PBXFileReference; fileEncoding = 4; lastKnownFileType = sourcecode.c.objc; path = "NSObject+MJKeyValue.m"; sourceTree = "<group>"; };
		3964D1D91FB17F1F00E86AFE /* NSObject+MJProperty.h */ = {isa = PBXFileReference; fileEncoding = 4; lastKnownFileType = sourcecode.c.h; path = "NSObject+MJProperty.h"; sourceTree = "<group>"; };
		3964D1DA1FB17F1F00E86AFE /* NSObject+MJProperty.m */ = {isa = PBXFileReference; fileEncoding = 4; lastKnownFileType = sourcecode.c.objc; path = "NSObject+MJProperty.m"; sourceTree = "<group>"; };
		3964D1DB1FB17F1F00E86AFE /* NSString+MJExtension.h */ = {isa = PBXFileReference; fileEncoding = 4; lastKnownFileType = sourcecode.c.h; path = "NSString+MJExtension.h"; sourceTree = "<group>"; };
		3964D1DC1FB17F1F00E86AFE /* NSString+MJExtension.m */ = {isa = PBXFileReference; fileEncoding = 4; lastKnownFileType = sourcecode.c.objc; path = "NSString+MJExtension.m"; sourceTree = "<group>"; };
		396EABCE1FA85679001A39E6 /* XMPlayerTableViewCell.h */ = {isa = PBXFileReference; lastKnownFileType = sourcecode.c.h; path = XMPlayerTableViewCell.h; sourceTree = "<group>"; };
		396EABCF1FA85679001A39E6 /* XMPlayerTableViewCell.m */ = {isa = PBXFileReference; lastKnownFileType = sourcecode.c.objc; path = XMPlayerTableViewCell.m; sourceTree = "<group>"; };
		396EABD11FA8572A001A39E6 /* XMPlayerModel.h */ = {isa = PBXFileReference; lastKnownFileType = sourcecode.c.h; path = XMPlayerModel.h; sourceTree = "<group>"; };
		396EABD21FA8572A001A39E6 /* XMPlayerModel.m */ = {isa = PBXFileReference; lastKnownFileType = sourcecode.c.objc; path = XMPlayerModel.m; sourceTree = "<group>"; };
		396EAC001FA8678C001A39E6 /* XMPlayerManager.h */ = {isa = PBXFileReference; fileEncoding = 4; lastKnownFileType = sourcecode.c.h; path = XMPlayerManager.h; sourceTree = "<group>"; };
		396EAC011FA8678C001A39E6 /* XMPlayerManager.m */ = {isa = PBXFileReference; fileEncoding = 4; lastKnownFileType = sourcecode.c.objc; path = XMPlayerManager.m; sourceTree = "<group>"; };
		396EAC061FA867B1001A39E6 /* UIView+Extension.h */ = {isa = PBXFileReference; fileEncoding = 4; lastKnownFileType = sourcecode.c.h; path = "UIView+Extension.h"; sourceTree = "<group>"; };
		396EAC071FA867B1001A39E6 /* UIView+Extension.m */ = {isa = PBXFileReference; fileEncoding = 4; lastKnownFileType = sourcecode.c.objc; path = "UIView+Extension.m"; sourceTree = "<group>"; };
		396EAC091FA867D1001A39E6 /* XMRefreshView.h */ = {isa = PBXFileReference; lastKnownFileType = sourcecode.c.h; path = XMRefreshView.h; sourceTree = "<group>"; };
		396EAC0A1FA867D1001A39E6 /* XMRefreshView.m */ = {isa = PBXFileReference; lastKnownFileType = sourcecode.c.objc; path = XMRefreshView.m; sourceTree = "<group>"; };
		396EAC0D1FA868AD001A39E6 /* XMPlayerConfig.h */ = {isa = PBXFileReference; fileEncoding = 4; lastKnownFileType = sourcecode.c.h; path = XMPlayerConfig.h; sourceTree = "<group>"; };
		396EAC101FA86EF8001A39E6 /* play.png */ = {isa = PBXFileReference; lastKnownFileType = image.png; path = play.png; sourceTree = "<group>"; };
/* End PBXFileReference section */

/* Begin PBXFrameworksBuildPhase section */
		392BE4151FA70C1900EBEEA8 /* Frameworks */ = {
			isa = PBXFrameworksBuildPhase;
			buildActionMask = 2147483647;
			files = (
			);
			runOnlyForDeploymentPostprocessing = 0;
		};
		392BE42D1FA70C1900EBEEA8 /* Frameworks */ = {
			isa = PBXFrameworksBuildPhase;
			buildActionMask = 2147483647;
			files = (
			);
			runOnlyForDeploymentPostprocessing = 0;
		};
		392BE4381FA70C1900EBEEA8 /* Frameworks */ = {
			isa = PBXFrameworksBuildPhase;
			buildActionMask = 2147483647;
			files = (
			);
			runOnlyForDeploymentPostprocessing = 0;
		};
/* End PBXFrameworksBuildPhase section */

/* Begin PBXGroup section */
		3901CB9A1FAB0D3B006ED7C0 /* AFNetworking */ = {
			isa = PBXGroup;
			children = (
				3901CB9B1FAB0D3B006ED7C0 /* AFNetworking */,
				3901CBA91FAB0D3B006ED7C0 /* UIKit+AFNetworking */,
			);
			path = AFNetworking;
			sourceTree = "<group>";
		};
		3901CB9B1FAB0D3B006ED7C0 /* AFNetworking */ = {
			isa = PBXGroup;
			children = (
				3901CB9C1FAB0D3B006ED7C0 /* AFHTTPSessionManager.h */,
				3901CB9D1FAB0D3B006ED7C0 /* AFHTTPSessionManager.m */,
				3901CB9E1FAB0D3B006ED7C0 /* AFNetworking.h */,
				3901CB9F1FAB0D3B006ED7C0 /* AFNetworkReachabilityManager.h */,
				3901CBA01FAB0D3B006ED7C0 /* AFNetworkReachabilityManager.m */,
				3901CBA11FAB0D3B006ED7C0 /* AFSecurityPolicy.h */,
				3901CBA21FAB0D3B006ED7C0 /* AFSecurityPolicy.m */,
				3901CBA31FAB0D3B006ED7C0 /* AFURLRequestSerialization.h */,
				3901CBA41FAB0D3B006ED7C0 /* AFURLRequestSerialization.m */,
				3901CBA51FAB0D3B006ED7C0 /* AFURLResponseSerialization.h */,
				3901CBA61FAB0D3B006ED7C0 /* AFURLResponseSerialization.m */,
				3901CBA71FAB0D3B006ED7C0 /* AFURLSessionManager.h */,
				3901CBA81FAB0D3B006ED7C0 /* AFURLSessionManager.m */,
			);
			path = AFNetworking;
			sourceTree = "<group>";
		};
		3901CBA91FAB0D3B006ED7C0 /* UIKit+AFNetworking */ = {
			isa = PBXGroup;
			children = (
				3901CBAA1FAB0D3B006ED7C0 /* AFAutoPurgingImageCache.h */,
				3901CBAB1FAB0D3B006ED7C0 /* AFAutoPurgingImageCache.m */,
				3901CBAC1FAB0D3B006ED7C0 /* AFImageDownloader.h */,
				3901CBAD1FAB0D3B006ED7C0 /* AFImageDownloader.m */,
				3901CBAE1FAB0D3B006ED7C0 /* AFNetworkActivityIndicatorManager.h */,
				3901CBAF1FAB0D3B006ED7C0 /* AFNetworkActivityIndicatorManager.m */,
				3901CBB01FAB0D3B006ED7C0 /* UIActivityIndicatorView+AFNetworking.h */,
				3901CBB11FAB0D3B006ED7C0 /* UIActivityIndicatorView+AFNetworking.m */,
				3901CBB21FAB0D3B006ED7C0 /* UIButton+AFNetworking.h */,
				3901CBB31FAB0D3B006ED7C0 /* UIButton+AFNetworking.m */,
				3901CBB41FAB0D3B006ED7C0 /* UIImage+AFNetworking.h */,
				3901CBB51FAB0D3B006ED7C0 /* UIImageView+AFNetworking.h */,
				3901CBB61FAB0D3B006ED7C0 /* UIImageView+AFNetworking.m */,
				3901CBB71FAB0D3B006ED7C0 /* UIKit+AFNetworking.h */,
				3901CBB81FAB0D3B006ED7C0 /* UIProgressView+AFNetworking.h */,
				3901CBB91FAB0D3B006ED7C0 /* UIProgressView+AFNetworking.m */,
				3901CBBA1FAB0D3B006ED7C0 /* UIRefreshControl+AFNetworking.h */,
				3901CBBB1FAB0D3B006ED7C0 /* UIRefreshControl+AFNetworking.m */,
				3901CBBC1FAB0D3B006ED7C0 /* UIWebView+AFNetworking.h */,
				3901CBBD1FAB0D3B006ED7C0 /* UIWebView+AFNetworking.m */,
			);
			path = "UIKit+AFNetworking";
			sourceTree = "<group>";
		};
		392BE40F1FA70C1900EBEEA8 = {
			isa = PBXGroup;
			children = (
				392BE41A1FA70C1900EBEEA8 /* XMPlayer */,
				392BE4331FA70C1900EBEEA8 /* XMPlayerTests */,
				392BE43E1FA70C1900EBEEA8 /* XMPlayerUITests */,
				392BE4191FA70C1900EBEEA8 /* Products */,
			);
			sourceTree = "<group>";
		};
		392BE4191FA70C1900EBEEA8 /* Products */ = {
			isa = PBXGroup;
			children = (
				392BE4181FA70C1900EBEEA8 /* XMPlayer.app */,
				392BE4301FA70C1900EBEEA8 /* XMPlayerTests.xctest */,
				392BE43B1FA70C1900EBEEA8 /* XMPlayerUITests.xctest */,
			);
			name = Products;
			sourceTree = "<group>";
		};
		392BE41A1FA70C1900EBEEA8 /* XMPlayer */ = {
			isa = PBXGroup;
			children = (
				3964D1C61FB17F1F00E86AFE /* MJExtension */,
				3901CB9A1FAB0D3B006ED7C0 /* AFNetworking */,
				396EABF91FA8678C001A39E6 /* XMPlayer */,
				396EAC101FA86EF8001A39E6 /* play.png */,
				392BE41B1FA70C1900EBEEA8 /* AppDelegate.h */,
				392BE41C1FA70C1900EBEEA8 /* AppDelegate.m */,
				392BE41E1FA70C1900EBEEA8 /* ViewController.h */,
				392BE41F1FA70C1900EBEEA8 /* ViewController.m */,
				396EABCE1FA85679001A39E6 /* XMPlayerTableViewCell.h */,
				396EABCF1FA85679001A39E6 /* XMPlayerTableViewCell.m */,
				396EABD11FA8572A001A39E6 /* XMPlayerModel.h */,
				396EABD21FA8572A001A39E6 /* XMPlayerModel.m */,
				392BE4211FA70C1900EBEEA8 /* Main.storyboard */,
				392BE4241FA70C1900EBEEA8 /* Assets.xcassets */,
				392BE4261FA70C1900EBEEA8 /* LaunchScreen.storyboard */,
				392BE4291FA70C1900EBEEA8 /* Info.plist */,
				392BE42A1FA70C1900EBEEA8 /* main.m */,
			);
			path = XMPlayer;
			sourceTree = "<group>";
		};
		392BE4331FA70C1900EBEEA8 /* XMPlayerTests */ = {
			isa = PBXGroup;
			children = (
				392BE4341FA70C1900EBEEA8 /* XMPlayerTests.m */,
				392BE4361FA70C1900EBEEA8 /* Info.plist */,
			);
			path = XMPlayerTests;
			sourceTree = "<group>";
		};
		392BE43E1FA70C1900EBEEA8 /* XMPlayerUITests */ = {
			isa = PBXGroup;
			children = (
				392BE43F1FA70C1900EBEEA8 /* XMPlayerUITests.m */,
				392BE4411FA70C1900EBEEA8 /* Info.plist */,
			);
			path = XMPlayerUITests;
			sourceTree = "<group>";
		};
		3964D1C61FB17F1F00E86AFE /* MJExtension */ = {
			isa = PBXGroup;
			children = (
				3964D1C71FB17F1F00E86AFE /* Info.plist */,
				3964D1C81FB17F1F00E86AFE /* MJExtension.h */,
				3964D1C91FB17F1F00E86AFE /* MJExtensionConst.h */,
				3964D1CA1FB17F1F00E86AFE /* MJExtensionConst.m */,
				3964D1CB1FB17F1F00E86AFE /* MJFoundation.h */,
				3964D1CC1FB17F1F00E86AFE /* MJFoundation.m */,
				3964D1CD1FB17F1F00E86AFE /* MJProperty.h */,
				3964D1CE1FB17F1F00E86AFE /* MJProperty.m */,
				3964D1CF1FB17F1F00E86AFE /* MJPropertyKey.h */,
				3964D1D01FB17F1F00E86AFE /* MJPropertyKey.m */,
				3964D1D11FB17F1F00E86AFE /* MJPropertyType.h */,
				3964D1D21FB17F1F00E86AFE /* MJPropertyType.m */,
				3964D1D31FB17F1F00E86AFE /* NSObject+MJClass.h */,
				3964D1D41FB17F1F00E86AFE /* NSObject+MJClass.m */,
				3964D1D51FB17F1F00E86AFE /* NSObject+MJCoding.h */,
				3964D1D61FB17F1F00E86AFE /* NSObject+MJCoding.m */,
				3964D1D71FB17F1F00E86AFE /* NSObject+MJKeyValue.h */,
				3964D1D81FB17F1F00E86AFE /* NSObject+MJKeyValue.m */,
				3964D1D91FB17F1F00E86AFE /* NSObject+MJProperty.h */,
				3964D1DA1FB17F1F00E86AFE /* NSObject+MJProperty.m */,
				3964D1DB1FB17F1F00E86AFE /* NSString+MJExtension.h */,
				3964D1DC1FB17F1F00E86AFE /* NSString+MJExtension.m */,
			);
			path = MJExtension;
			sourceTree = "<group>";
		};
		396EABF91FA8678C001A39E6 /* XMPlayer */ = {
			isa = PBXGroup;
			children = (
				396EAC0D1FA868AD001A39E6 /* XMPlayerConfig.h */,
				396EAC061FA867B1001A39E6 /* UIView+Extension.h */,
				396EAC071FA867B1001A39E6 /* UIView+Extension.m */,
				396EAC001FA8678C001A39E6 /* XMPlayerManager.h */,
				396EAC011FA8678C001A39E6 /* XMPlayerManager.m */,
				396EAC091FA867D1001A39E6 /* XMRefreshView.h */,
				396EAC0A1FA867D1001A39E6 /* XMRefreshView.m */,
				396432FE1FB02EDC00C8CC2A /* XMProgress.h */,
				396432FF1FB02EDC00C8CC2A /* XMProgress.m */,
				396433011FB02EF700C8CC2A /* XMWaves.h */,
				396433021FB02EF700C8CC2A /* XMWaves.m */,
				3964D1C31FB17DE400E86AFE /* XMPlayer.h */,
			);
			path = XMPlayer;
			sourceTree = "<group>";
		};
/* End PBXGroup section */

/* Begin PBXNativeTarget section */
		392BE4171FA70C1900EBEEA8 /* XMPlayer */ = {
			isa = PBXNativeTarget;
			buildConfigurationList = 392BE4441FA70C1900EBEEA8 /* Build configuration list for PBXNativeTarget "XMPlayer" */;
			buildPhases = (
				392BE4141FA70C1900EBEEA8 /* Sources */,
				392BE4151FA70C1900EBEEA8 /* Frameworks */,
				392BE4161FA70C1900EBEEA8 /* Resources */,
			);
			buildRules = (
			);
			dependencies = (
			);
			name = XMPlayer;
			productName = XMPlayer;
			productReference = 392BE4181FA70C1900EBEEA8 /* XMPlayer.app */;
			productType = "com.apple.product-type.application";
		};
		392BE42F1FA70C1900EBEEA8 /* XMPlayerTests */ = {
			isa = PBXNativeTarget;
			buildConfigurationList = 392BE4471FA70C1900EBEEA8 /* Build configuration list for PBXNativeTarget "XMPlayerTests" */;
			buildPhases = (
				392BE42C1FA70C1900EBEEA8 /* Sources */,
				392BE42D1FA70C1900EBEEA8 /* Frameworks */,
				392BE42E1FA70C1900EBEEA8 /* Resources */,
			);
			buildRules = (
			);
			dependencies = (
				392BE4321FA70C1900EBEEA8 /* PBXTargetDependency */,
			);
			name = XMPlayerTests;
			productName = XMPlayerTests;
			productReference = 392BE4301FA70C1900EBEEA8 /* XMPlayerTests.xctest */;
			productType = "com.apple.product-type.bundle.unit-test";
		};
		392BE43A1FA70C1900EBEEA8 /* XMPlayerUITests */ = {
			isa = PBXNativeTarget;
			buildConfigurationList = 392BE44A1FA70C1900EBEEA8 /* Build configuration list for PBXNativeTarget "XMPlayerUITests" */;
			buildPhases = (
				392BE4371FA70C1900EBEEA8 /* Sources */,
				392BE4381FA70C1900EBEEA8 /* Frameworks */,
				392BE4391FA70C1900EBEEA8 /* Resources */,
			);
			buildRules = (
			);
			dependencies = (
				392BE43D1FA70C1900EBEEA8 /* PBXTargetDependency */,
			);
			name = XMPlayerUITests;
			productName = XMPlayerUITests;
			productReference = 392BE43B1FA70C1900EBEEA8 /* XMPlayerUITests.xctest */;
			productType = "com.apple.product-type.bundle.ui-testing";
		};
/* End PBXNativeTarget section */

/* Begin PBXProject section */
		392BE4101FA70C1900EBEEA8 /* Project object */ = {
			isa = PBXProject;
			attributes = {
				LastUpgradeCheck = 0900;
				ORGANIZATIONNAME = min;
				TargetAttributes = {
					392BE4171FA70C1900EBEEA8 = {
						CreatedOnToolsVersion = 9.0.1;
						ProvisioningStyle = Automatic;
					};
					392BE42F1FA70C1900EBEEA8 = {
						CreatedOnToolsVersion = 9.0.1;
						ProvisioningStyle = Automatic;
						TestTargetID = 392BE4171FA70C1900EBEEA8;
					};
					392BE43A1FA70C1900EBEEA8 = {
						CreatedOnToolsVersion = 9.0.1;
						ProvisioningStyle = Automatic;
						TestTargetID = 392BE4171FA70C1900EBEEA8;
					};
				};
			};
			buildConfigurationList = 392BE4131FA70C1900EBEEA8 /* Build configuration list for PBXProject "XMPlayer" */;
			compatibilityVersion = "Xcode 8.0";
			developmentRegion = en;
			hasScannedForEncodings = 0;
			knownRegions = (
				en,
				Base,
			);
			mainGroup = 392BE40F1FA70C1900EBEEA8;
			productRefGroup = 392BE4191FA70C1900EBEEA8 /* Products */;
			projectDirPath = "";
			projectRoot = "";
			targets = (
				392BE4171FA70C1900EBEEA8 /* XMPlayer */,
				392BE42F1FA70C1900EBEEA8 /* XMPlayerTests */,
				392BE43A1FA70C1900EBEEA8 /* XMPlayerUITests */,
			);
		};
/* End PBXProject section */

/* Begin PBXResourcesBuildPhase section */
		392BE4161FA70C1900EBEEA8 /* Resources */ = {
			isa = PBXResourcesBuildPhase;
			buildActionMask = 2147483647;
			files = (
				392BE4281FA70C1900EBEEA8 /* LaunchScreen.storyboard in Resources */,
				396EAC111FA86EF9001A39E6 /* play.png in Resources */,
				392BE4251FA70C1900EBEEA8 /* Assets.xcassets in Resources */,
				3964D1DD1FB17F2000E86AFE /* Info.plist in Resources */,
				392BE4231FA70C1900EBEEA8 /* Main.storyboard in Resources */,
			);
			runOnlyForDeploymentPostprocessing = 0;
		};
		392BE42E1FA70C1900EBEEA8 /* Resources */ = {
			isa = PBXResourcesBuildPhase;
			buildActionMask = 2147483647;
			files = (
			);
			runOnlyForDeploymentPostprocessing = 0;
		};
		392BE4391FA70C1900EBEEA8 /* Resources */ = {
			isa = PBXResourcesBuildPhase;
			buildActionMask = 2147483647;
			files = (
			);
			runOnlyForDeploymentPostprocessing = 0;
		};
/* End PBXResourcesBuildPhase section */

/* Begin PBXSourcesBuildPhase section */
		392BE4141FA70C1900EBEEA8 /* Sources */ = {
			isa = PBXSourcesBuildPhase;
			buildActionMask = 2147483647;
			files = (
				3901CBCA1FAB0D3B006ED7C0 /* UIProgressView+AFNetworking.m in Sources */,
				3901CBC91FAB0D3B006ED7C0 /* UIImageView+AFNetworking.m in Sources */,
				3901CBC31FAB0D3B006ED7C0 /* AFURLSessionManager.m in Sources */,
				3964D1E71FB17F2000E86AFE /* NSString+MJExtension.m in Sources */,
				3964D1E31FB17F2000E86AFE /* NSObject+MJClass.m in Sources */,
				3964D1E51FB17F2000E86AFE /* NSObject+MJKeyValue.m in Sources */,
				3964D1DF1FB17F2000E86AFE /* MJFoundation.m in Sources */,
				396EAC051FA8678C001A39E6 /* XMPlayerManager.m in Sources */,
				3901CBC51FAB0D3B006ED7C0 /* AFImageDownloader.m in Sources */,
				396EAC0B1FA867D1001A39E6 /* XMRefreshView.m in Sources */,
				3901CBCC1FAB0D3B006ED7C0 /* UIWebView+AFNetworking.m in Sources */,
				3901CBBE1FAB0D3B006ED7C0 /* AFHTTPSessionManager.m in Sources */,
				396EAC081FA867B1001A39E6 /* UIView+Extension.m in Sources */,
				3901CBC61FAB0D3B006ED7C0 /* AFNetworkActivityIndicatorManager.m in Sources */,
				3964D1E61FB17F2000E86AFE /* NSObject+MJProperty.m in Sources */,
				3901CBBF1FAB0D3B006ED7C0 /* AFNetworkReachabilityManager.m in Sources */,
				396EABCD1FA8563C001A39E6 /* ViewController.m in Sources */,
				3964D1E11FB17F2000E86AFE /* MJPropertyKey.m in Sources */,
				396EABD31FA8572A001A39E6 /* XMPlayerModel.m in Sources */,
				3964D1E21FB17F2000E86AFE /* MJPropertyType.m in Sources */,
				392BE42B1FA70C1900EBEEA8 /* main.m in Sources */,
				3964D1DE1FB17F2000E86AFE /* MJExtensionConst.m in Sources */,
				392BE41D1FA70C1900EBEEA8 /* AppDelegate.m in Sources */,
				3901CBC71FAB0D3B006ED7C0 /* UIActivityIndicatorView+AFNetworking.m in Sources */,
				3901CBC41FAB0D3B006ED7C0 /* AFAutoPurgingImageCache.m in Sources */,
				3901CBC11FAB0D3B006ED7C0 /* AFURLRequestSerialization.m in Sources */,
				396433001FB02EDC00C8CC2A /* XMProgress.m in Sources */,
				3901CBC81FAB0D3B006ED7C0 /* UIButton+AFNetworking.m in Sources */,
				3901CBCB1FAB0D3B006ED7C0 /* UIRefreshControl+AFNetworking.m in Sources */,
				3964D1E01FB17F2000E86AFE /* MJProperty.m in Sources */,
				3901CBC01FAB0D3B006ED7C0 /* AFSecurityPolicy.m in Sources */,
				3964D1E41FB17F2000E86AFE /* NSObject+MJCoding.m in Sources */,
				3901CBC21FAB0D3B006ED7C0 /* AFURLResponseSerialization.m in Sources */,
				396EABD01FA85679001A39E6 /* XMPlayerTableViewCell.m in Sources */,
				396433031FB02EF700C8CC2A /* XMWaves.m in Sources */,
			);
			runOnlyForDeploymentPostprocessing = 0;
		};
		392BE42C1FA70C1900EBEEA8 /* Sources */ = {
			isa = PBXSourcesBuildPhase;
			buildActionMask = 2147483647;
			files = (
				392BE4351FA70C1900EBEEA8 /* XMPlayerTests.m in Sources */,
			);
			runOnlyForDeploymentPostprocessing = 0;
		};
		392BE4371FA70C1900EBEEA8 /* Sources */ = {
			isa = PBXSourcesBuildPhase;
			buildActionMask = 2147483647;
			files = (
				392BE4401FA70C1900EBEEA8 /* XMPlayerUITests.m in Sources */,
			);
			runOnlyForDeploymentPostprocessing = 0;
		};
/* End PBXSourcesBuildPhase section */

/* Begin PBXTargetDependency section */
		392BE4321FA70C1900EBEEA8 /* PBXTargetDependency */ = {
			isa = PBXTargetDependency;
			target = 392BE4171FA70C1900EBEEA8 /* XMPlayer */;
			targetProxy = 392BE4311FA70C1900EBEEA8 /* PBXContainerItemProxy */;
		};
		392BE43D1FA70C1900EBEEA8 /* PBXTargetDependency */ = {
			isa = PBXTargetDependency;
			target = 392BE4171FA70C1900EBEEA8 /* XMPlayer */;
			targetProxy = 392BE43C1FA70C1900EBEEA8 /* PBXContainerItemProxy */;
		};
/* End PBXTargetDependency section */

/* Begin PBXVariantGroup section */
		392BE4211FA70C1900EBEEA8 /* Main.storyboard */ = {
			isa = PBXVariantGroup;
			children = (
				392BE4221FA70C1900EBEEA8 /* Base */,
			);
			name = Main.storyboard;
			sourceTree = "<group>";
		};
		392BE4261FA70C1900EBEEA8 /* LaunchScreen.storyboard */ = {
			isa = PBXVariantGroup;
			children = (
				392BE4271FA70C1900EBEEA8 /* Base */,
			);
			name = LaunchScreen.storyboard;
			sourceTree = "<group>";
		};
/* End PBXVariantGroup section */

/* Begin XCBuildConfiguration section */
		392BE4421FA70C1900EBEEA8 /* Debug */ = {
			isa = XCBuildConfiguration;
			buildSettings = {
				ALWAYS_SEARCH_USER_PATHS = NO;
				CLANG_ANALYZER_NONNULL = YES;
				CLANG_ANALYZER_NUMBER_OBJECT_CONVERSION = YES_AGGRESSIVE;
				CLANG_CXX_LANGUAGE_STANDARD = "gnu++14";
				CLANG_CXX_LIBRARY = "libc++";
				CLANG_ENABLE_MODULES = YES;
				CLANG_ENABLE_OBJC_ARC = YES;
				CLANG_WARN_BLOCK_CAPTURE_AUTORELEASING = YES;
				CLANG_WARN_BOOL_CONVERSION = YES;
				CLANG_WARN_COMMA = YES;
				CLANG_WARN_CONSTANT_CONVERSION = YES;
				CLANG_WARN_DIRECT_OBJC_ISA_USAGE = YES_ERROR;
				CLANG_WARN_DOCUMENTATION_COMMENTS = YES;
				CLANG_WARN_EMPTY_BODY = YES;
				CLANG_WARN_ENUM_CONVERSION = YES;
				CLANG_WARN_INFINITE_RECURSION = YES;
				CLANG_WARN_INT_CONVERSION = YES;
				CLANG_WARN_NON_LITERAL_NULL_CONVERSION = YES;
				CLANG_WARN_OBJC_LITERAL_CONVERSION = YES;
				CLANG_WARN_OBJC_ROOT_CLASS = YES_ERROR;
				CLANG_WARN_RANGE_LOOP_ANALYSIS = YES;
				CLANG_WARN_STRICT_PROTOTYPES = YES;
				CLANG_WARN_SUSPICIOUS_MOVE = YES;
				CLANG_WARN_UNGUARDED_AVAILABILITY = YES_AGGRESSIVE;
				CLANG_WARN_UNREACHABLE_CODE = YES;
				CLANG_WARN__DUPLICATE_METHOD_MATCH = YES;
				CODE_SIGN_IDENTITY = "iPhone Developer";
				COPY_PHASE_STRIP = NO;
				DEBUG_INFORMATION_FORMAT = dwarf;
				ENABLE_STRICT_OBJC_MSGSEND = YES;
				ENABLE_TESTABILITY = YES;
				GCC_C_LANGUAGE_STANDARD = gnu11;
				GCC_DYNAMIC_NO_PIC = NO;
				GCC_NO_COMMON_BLOCKS = YES;
				GCC_OPTIMIZATION_LEVEL = 0;
				GCC_PREPROCESSOR_DEFINITIONS = (
					"DEBUG=1",
					"$(inherited)",
				);
				GCC_WARN_64_TO_32_BIT_CONVERSION = YES;
				GCC_WARN_ABOUT_RETURN_TYPE = YES_ERROR;
				GCC_WARN_UNDECLARED_SELECTOR = YES;
				GCC_WARN_UNINITIALIZED_AUTOS = YES_AGGRESSIVE;
				GCC_WARN_UNUSED_FUNCTION = YES;
				GCC_WARN_UNUSED_VARIABLE = YES;
				IPHONEOS_DEPLOYMENT_TARGET = 11.0;
				MTL_ENABLE_DEBUG_INFO = YES;
				ONLY_ACTIVE_ARCH = YES;
				SDKROOT = iphoneos;
			};
			name = Debug;
		};
		392BE4431FA70C1900EBEEA8 /* Release */ = {
			isa = XCBuildConfiguration;
			buildSettings = {
				ALWAYS_SEARCH_USER_PATHS = NO;
				CLANG_ANALYZER_NONNULL = YES;
				CLANG_ANALYZER_NUMBER_OBJECT_CONVERSION = YES_AGGRESSIVE;
				CLANG_CXX_LANGUAGE_STANDARD = "gnu++14";
				CLANG_CXX_LIBRARY = "libc++";
				CLANG_ENABLE_MODULES = YES;
				CLANG_ENABLE_OBJC_ARC = YES;
				CLANG_WARN_BLOCK_CAPTURE_AUTORELEASING = YES;
				CLANG_WARN_BOOL_CONVERSION = YES;
				CLANG_WARN_COMMA = YES;
				CLANG_WARN_CONSTANT_CONVERSION = YES;
				CLANG_WARN_DIRECT_OBJC_ISA_USAGE = YES_ERROR;
				CLANG_WARN_DOCUMENTATION_COMMENTS = YES;
				CLANG_WARN_EMPTY_BODY = YES;
				CLANG_WARN_ENUM_CONVERSION = YES;
				CLANG_WARN_INFINITE_RECURSION = YES;
				CLANG_WARN_INT_CONVERSION = YES;
				CLANG_WARN_NON_LITERAL_NULL_CONVERSION = YES;
				CLANG_WARN_OBJC_LITERAL_CONVERSION = YES;
				CLANG_WARN_OBJC_ROOT_CLASS = YES_ERROR;
				CLANG_WARN_RANGE_LOOP_ANALYSIS = YES;
				CLANG_WARN_STRICT_PROTOTYPES = YES;
				CLANG_WARN_SUSPICIOUS_MOVE = YES;
				CLANG_WARN_UNGUARDED_AVAILABILITY = YES_AGGRESSIVE;
				CLANG_WARN_UNREACHABLE_CODE = YES;
				CLANG_WARN__DUPLICATE_METHOD_MATCH = YES;
				CODE_SIGN_IDENTITY = "iPhone Developer";
				COPY_PHASE_STRIP = NO;
				DEBUG_INFORMATION_FORMAT = "dwarf-with-dsym";
				ENABLE_NS_ASSERTIONS = NO;
				ENABLE_STRICT_OBJC_MSGSEND = YES;
				GCC_C_LANGUAGE_STANDARD = gnu11;
				GCC_NO_COMMON_BLOCKS = YES;
				GCC_WARN_64_TO_32_BIT_CONVERSION = YES;
				GCC_WARN_ABOUT_RETURN_TYPE = YES_ERROR;
				GCC_WARN_UNDECLARED_SELECTOR = YES;
				GCC_WARN_UNINITIALIZED_AUTOS = YES_AGGRESSIVE;
				GCC_WARN_UNUSED_FUNCTION = YES;
				GCC_WARN_UNUSED_VARIABLE = YES;
				IPHONEOS_DEPLOYMENT_TARGET = 11.0;
				MTL_ENABLE_DEBUG_INFO = NO;
				SDKROOT = iphoneos;
				VALIDATE_PRODUCT = YES;
			};
			name = Release;
		};
		392BE4451FA70C1900EBEEA8 /* Debug */ = {
			isa = XCBuildConfiguration;
			buildSettings = {
				ASSETCATALOG_COMPILER_APPICON_NAME = AppIcon;
				CODE_SIGN_STYLE = Automatic;
				DEVELOPMENT_TEAM = UXCKDLU5WN;
				INFOPLIST_FILE = XMPlayer/Info.plist;
				IPHONEOS_DEPLOYMENT_TARGET = 8.0;
				LD_RUNPATH_SEARCH_PATHS = "$(inherited) @executable_path/Frameworks";
				PRODUCT_BUNDLE_IDENTIFIER = inmine.XMPlayer;
				PRODUCT_NAME = "$(TARGET_NAME)";
				TARGETED_DEVICE_FAMILY = "1,2";
			};
			name = Debug;
		};
		392BE4461FA70C1900EBEEA8 /* Release */ = {
			isa = XCBuildConfiguration;
			buildSettings = {
				ASSETCATALOG_COMPILER_APPICON_NAME = AppIcon;
				CODE_SIGN_STYLE = Automatic;
				DEVELOPMENT_TEAM = UXCKDLU5WN;
				INFOPLIST_FILE = XMPlayer/Info.plist;
				IPHONEOS_DEPLOYMENT_TARGET = 8.0;
				LD_RUNPATH_SEARCH_PATHS = "$(inherited) @executable_path/Frameworks";
				PRODUCT_BUNDLE_IDENTIFIER = inmine.XMPlayer;
				PRODUCT_NAME = "$(TARGET_NAME)";
				TARGETED_DEVICE_FAMILY = "1,2";
			};
			name = Release;
		};
		392BE4481FA70C1900EBEEA8 /* Debug */ = {
			isa = XCBuildConfiguration;
			buildSettings = {
				BUNDLE_LOADER = "$(TEST_HOST)";
				CODE_SIGN_STYLE = Automatic;
				DEVELOPMENT_TEAM = RUJ4SQ92DE;
				INFOPLIST_FILE = XMPlayerTests/Info.plist;
				LD_RUNPATH_SEARCH_PATHS = "$(inherited) @executable_path/Frameworks @loader_path/Frameworks";
				PRODUCT_BUNDLE_IDENTIFIER = inmine.XMPlayerTests;
				PRODUCT_NAME = "$(TARGET_NAME)";
				TARGETED_DEVICE_FAMILY = "1,2";
				TEST_HOST = "$(BUILT_PRODUCTS_DIR)/XMPlayer.app/XMPlayer";
			};
			name = Debug;
		};
		392BE4491FA70C1900EBEEA8 /* Release */ = {
			isa = XCBuildConfiguration;
			buildSettings = {
				BUNDLE_LOADER = "$(TEST_HOST)";
				CODE_SIGN_STYLE = Automatic;
				DEVELOPMENT_TEAM = RUJ4SQ92DE;
				INFOPLIST_FILE = XMPlayerTests/Info.plist;
				LD_RUNPATH_SEARCH_PATHS = "$(inherited) @executable_path/Frameworks @loader_path/Frameworks";
				PRODUCT_BUNDLE_IDENTIFIER = inmine.XMPlayerTests;
				PRODUCT_NAME = "$(TARGET_NAME)";
				TARGETED_DEVICE_FAMILY = "1,2";
				TEST_HOST = "$(BUILT_PRODUCTS_DIR)/XMPlayer.app/XMPlayer";
			};
			name = Release;
		};
		392BE44B1FA70C1900EBEEA8 /* Debug */ = {
			isa = XCBuildConfiguration;
			buildSettings = {
				CODE_SIGN_STYLE = Automatic;
				DEVELOPMENT_TEAM = RUJ4SQ92DE;
				INFOPLIST_FILE = XMPlayerUITests/Info.plist;
				LD_RUNPATH_SEARCH_PATHS = "$(inherited) @executable_path/Frameworks @loader_path/Frameworks";
				PRODUCT_BUNDLE_IDENTIFIER = inmine.XMPlayerUITests;
				PRODUCT_NAME = "$(TARGET_NAME)";
				TARGETED_DEVICE_FAMILY = "1,2";
				TEST_TARGET_NAME = XMPlayer;
			};
			name = Debug;
		};
		392BE44C1FA70C1900EBEEA8 /* Release */ = {
			isa = XCBuildConfiguration;
			buildSettings = {
				CODE_SIGN_STYLE = Automatic;
				DEVELOPMENT_TEAM = RUJ4SQ92DE;
				INFOPLIST_FILE = XMPlayerUITests/Info.plist;
				LD_RUNPATH_SEARCH_PATHS = "$(inherited) @executable_path/Frameworks @loader_path/Frameworks";
				PRODUCT_BUNDLE_IDENTIFIER = inmine.XMPlayerUITests;
				PRODUCT_NAME = "$(TARGET_NAME)";
				TARGETED_DEVICE_FAMILY = "1,2";
				TEST_TARGET_NAME = XMPlayer;
			};
			name = Release;
		};
/* End XCBuildConfiguration section */

/* Begin XCConfigurationList section */
		392BE4131FA70C1900EBEEA8 /* Build configuration list for PBXProject "XMPlayer" */ = {
			isa = XCConfigurationList;
			buildConfigurations = (
				392BE4421FA70C1900EBEEA8 /* Debug */,
				392BE4431FA70C1900EBEEA8 /* Release */,
			);
			defaultConfigurationIsVisible = 0;
			defaultConfigurationName = Release;
		};
		392BE4441FA70C1900EBEEA8 /* Build configuration list for PBXNativeTarget "XMPlayer" */ = {
			isa = XCConfigurationList;
			buildConfigurations = (
				392BE4451FA70C1900EBEEA8 /* Debug */,
				392BE4461FA70C1900EBEEA8 /* Release */,
			);
			defaultConfigurationIsVisible = 0;
			defaultConfigurationName = Release;
		};
		392BE4471FA70C1900EBEEA8 /* Build configuration list for PBXNativeTarget "XMPlayerTests" */ = {
			isa = XCConfigurationList;
			buildConfigurations = (
				392BE4481FA70C1900EBEEA8 /* Debug */,
				392BE4491FA70C1900EBEEA8 /* Release */,
			);
			defaultConfigurationIsVisible = 0;
			defaultConfigurationName = Release;
		};
		392BE44A1FA70C1900EBEEA8 /* Build configuration list for PBXNativeTarget "XMPlayerUITests" */ = {
			isa = XCConfigurationList;
			buildConfigurations = (
				392BE44B1FA70C1900EBEEA8 /* Debug */,
				392BE44C1FA70C1900EBEEA8 /* Release */,
			);
			defaultConfigurationIsVisible = 0;
			defaultConfigurationName = Release;
		};
/* End XCConfigurationList section */
	};
	rootObject = 392BE4101FA70C1900EBEEA8 /* Project object */;
}
